
Microsoft Visual Studio Solution File, Format Version 12.00
Project("{FAE04EC0-301F-11D3-BF4B-00C04F79EFBC}") = "Akytos", "Akytos\Akytos.csproj", "{C2B473EE-B525-4FB2-B6F1-903DD514C5A5}"
EndProject
Project("{FAE04EC0-301F-11D3-BF4B-00C04F79EFBC}") = "Windmill", "Windmill\Windmill.csproj", "{1E0D913B-7B99-4DA9-AE5D-9B9D8C0D7E19}"
EndProject
Project("{FAE04EC0-301F-11D3-BF4B-00C04F79EFBC}") = "Akytos.Tests", "Akytos.Tests\Akytos.Tests.csproj", "{B5CFD0E6-34DC-4017-9C7D-DAC70C6448E6}"
EndProject
Project("{FAE04EC0-301F-11D3-BF4B-00C04F79EFBC}") = "Sandbox", "Sandbox\Sandbox.csproj", "{2C5A7A91-AB65-4821-AE67-11F4716A6027}"
EndProject
Project("{2150E333-8FDC-42A3-9474-1A3956D46DE8}") = "Examples", "Examples", "{16B02B00-10C7-44BE-8545-02DFEF3090A4}"
EndProject
Project("{FAE04EC0-301F-11D3-BF4B-00C04F79EFBC}") = "Pong", "Pong\Pong.csproj", "{45CD309B-1C0E-4631-867E-95E4353D58E0}"
EndProject
Global
	GlobalSection(SolutionConfigurationPlatforms) = preSolution
		Debug|Any CPU = Debug|Any CPU
		Release|Any CPU = Release|Any CPU
		Debug_Editor|Any CPU = Debug_Editor|Any CPU
		Release_Editor|Any CPU = Release_Editor|Any CPU
	EndGlobalSection
	GlobalSection(ProjectConfigurationPlatforms) = postSolution
		{C2B473EE-B525-4FB2-B6F1-903DD514C5A5}.Debug|Any CPU.ActiveCfg = Debug|Any CPU
		{C2B473EE-B525-4FB2-B6F1-903DD514C5A5}.Debug|Any CPU.Build.0 = Debug|Any CPU
		{C2B473EE-B525-4FB2-B6F1-903DD514C5A5}.Release|Any CPU.ActiveCfg = Release|Any CPU
		{C2B473EE-B525-4FB2-B6F1-903DD514C5A5}.Release|Any CPU.Build.0 = Release|Any CPU
		{C2B473EE-B525-4FB2-B6F1-903DD514C5A5}.Debug_Editor|Any CPU.ActiveCfg = Debug_Editor|Any CPU
		{C2B473EE-B525-4FB2-B6F1-903DD514C5A5}.Debug_Editor|Any CPU.Build.0 = Debug_Editor|Any CPU
		{C2B473EE-B525-4FB2-B6F1-903DD514C5A5}.Release_Editor|Any CPU.ActiveCfg = Release_Editor|Any CPU
		{C2B473EE-B525-4FB2-B6F1-903DD514C5A5}.Release_Editor|Any CPU.Build.0 = Release_Editor|Any CPU
		{1E0D913B-7B99-4DA9-AE5D-9B9D8C0D7E19}.Debug|Any CPU.ActiveCfg = Debug|Any CPU
		{1E0D913B-7B99-4DA9-AE5D-9B9D8C0D7E19}.Debug|Any CPU.Build.0 = Debug|Any CPU
		{1E0D913B-7B99-4DA9-AE5D-9B9D8C0D7E19}.Release|Any CPU.ActiveCfg = Release|Any CPU
		{1E0D913B-7B99-4DA9-AE5D-9B9D8C0D7E19}.Release|Any CPU.Build.0 = Release|Any CPU
		{1E0D913B-7B99-4DA9-AE5D-9B9D8C0D7E19}.Debug_Editor|Any CPU.ActiveCfg = Debug_Editor|Any CPU
		{1E0D913B-7B99-4DA9-AE5D-9B9D8C0D7E19}.Debug_Editor|Any CPU.Build.0 = Debug_Editor|Any CPU
		{1E0D913B-7B99-4DA9-AE5D-9B9D8C0D7E19}.Release_Editor|Any CPU.ActiveCfg = Release_Editor|Any CPU
		{1E0D913B-7B99-4DA9-AE5D-9B9D8C0D7E19}.Release_Editor|Any CPU.Build.0 = Release_Editor|Any CPU
		{B5CFD0E6-34DC-4017-9C7D-DAC70C6448E6}.Debug|Any CPU.ActiveCfg = Debug|Any CPU
		{B5CFD0E6-34DC-4017-9C7D-DAC70C6448E6}.Debug|Any CPU.Build.0 = Debug|Any CPU
		{B5CFD0E6-34DC-4017-9C7D-DAC70C6448E6}.Release|Any CPU.ActiveCfg = Release|Any CPU
		{B5CFD0E6-34DC-4017-9C7D-DAC70C6448E6}.Release|Any CPU.Build.0 = Release|Any CPU
		{B5CFD0E6-34DC-4017-9C7D-DAC70C6448E6}.Debug_Editor|Any CPU.ActiveCfg = Debug_Editor|Any CPU
		{B5CFD0E6-34DC-4017-9C7D-DAC70C6448E6}.Debug_Editor|Any CPU.Build.0 = Debug_Editor|Any CPU
		{B5CFD0E6-34DC-4017-9C7D-DAC70C6448E6}.Release_Editor|Any CPU.ActiveCfg = Release_Editor|Any CPU
		{B5CFD0E6-34DC-4017-9C7D-DAC70C6448E6}.Release_Editor|Any CPU.Build.0 = Release_Editor|Any CPU
		{2C5A7A91-AB65-4821-AE67-11F4716A6027}.Debug|Any CPU.ActiveCfg = Debug|Any CPU
		{2C5A7A91-AB65-4821-AE67-11F4716A6027}.Debug|Any CPU.Build.0 = Debug|Any CPU
		{2C5A7A91-AB65-4821-AE67-11F4716A6027}.Release|Any CPU.ActiveCfg = Release|Any CPU
		{2C5A7A91-AB65-4821-AE67-11F4716A6027}.Release|Any CPU.Build.0 = Release|Any CPU
		{2C5A7A91-AB65-4821-AE67-11F4716A6027}.Debug_Editor|Any CPU.ActiveCfg = Debug|Any CPU
		{2C5A7A91-AB65-4821-AE67-11F4716A6027}.Debug_Editor|Any CPU.Build.0 = Debug|Any CPU
		{2C5A7A91-AB65-4821-AE67-11F4716A6027}.Release_Editor|Any CPU.ActiveCfg = Debug|Any CPU
		{2C5A7A91-AB65-4821-AE67-11F4716A6027}.Release_Editor|Any CPU.Build.0 = Debug|Any CPU
		{45CD309B-1C0E-4631-867E-95E4353D58E0}.Debug|Any CPU.ActiveCfg = Debug|Any CPU
		{45CD309B-1C0E-4631-867E-95E4353D58E0}.Debug|Any CPU.Build.0 = Debug|Any CPU
		{45CD309B-1C0E-4631-867E-95E4353D58E0}.Release|Any CPU.ActiveCfg = Release|Any CPU
		{45CD309B-1C0E-4631-867E-95E4353D58E0}.Release|Any CPU.Build.0 = Release|Any CPU
		{45CD309B-1C0E-4631-867E-95E4353D58E0}.Debug_Editor|Any CPU.ActiveCfg = Debug|Any CPU
		{45CD309B-1C0E-4631-867E-95E4353D58E0}.Debug_Editor|Any CPU.Build.0 = Debug|Any CPU
		{45CD309B-1C0E-4631-867E-95E4353D58E0}.Release_Editor|Any CPU.ActiveCfg = Debug|Any CPU
		{45CD309B-1C0E-4631-867E-95E4353D58E0}.Release_Editor|Any CPU.Build.0 = Debug|Any CPU
	EndGlobalSection
	GlobalSection(NestedProjects) = preSolution
		{45CD309B-1C0E-4631-867E-95E4353D58E0} = {16B02B00-10C7-44BE-8545-02DFEF3090A4}
	EndGlobalSection
EndGlobal
